
Microsoft Visual Studio Solution File, Format Version 12.00
# Visual Studio Version 16
VisualStudioVersion = 16.0.31205.134
MinimumVisualStudioVersion = 10.0.40219.1
Project("{FAE04EC0-301F-11D3-BF4B-00C04F79EFBC}") = "Q3", "Q3\Q3.csproj", "{7F619383-497C-49D7-A9C2-1FE7C781E44A}"
EndProject
Global
	GlobalSection(SolutionConfigurationPlatforms) = preSolution
		Debug|Any CPU = Debug|Any CPU
		Release|Any CPU = Release|Any CPU
	EndGlobalSection
	GlobalSection(ProjectConfigurationPlatforms) = postSolution
		{7F619383-497C-49D7-A9C2-1FE7C781E44A}.Debug|Any CPU.ActiveCfg = Debug|Any CPU
		{7F619383-497C-49D7-A9C2-1FE7C781E44A}.Debug|Any CPU.Build.0 = Debug|Any CPU
		{7F619383-497C-49D7-A9C2-1FE7C781E44A}.Release|Any CPU.ActiveCfg = Release|Any CPU
		{7F619383-497C-49D7-A9C2-1FE7C781E44A}.Release|Any CPU.Build.0 = Release|Any CPU
	EndGlobalSection
	GlobalSection(SolutionProperties) = preSolution
		HideSolutionNode = FALSE
	EndGlobalSection
	GlobalSection(ExtensibilityGlobals) = postSolution
		SolutionGuid = {D77951F1-C007-462D-8A33-A692681A5510}
	EndGlobalSection
EndGlobal
